// !$*UTF8*$!
{
	archiveVersion = 1;
	classes = {
	};
	objectVersion = 50;
	objects = {

/* Begin PBXBuildFile section */
		AF17AB2F26933F860077C8B0 /* Main.storyboard in Resources */ = {isa = PBXBuildFile; fileRef = AF17AB2E26933F860077C8B0 /* Main.storyboard */; };
		AF2E7E912694369B00591D40 /* Tips.swift in Sources */ = {isa = PBXBuildFile; fileRef = AF2E7E902694369B00591D40 /* Tips.swift */; };
		AF2E7E9426943A3A00591D40 /* TipCalculator.swift in Sources */ = {isa = PBXBuildFile; fileRef = AF2E7E9326943A3A00591D40 /* TipCalculator.swift */; };
		AF9072EC269338AA00A52F19 /* ResultsViewController.swift in Sources */ = {isa = PBXBuildFile; fileRef = AF9072EB269338AA00A52F19 /* ResultsViewController.swift */; };
		AFB7BDD5268EF42400BB4377 /* AppDelegate.swift in Sources */ = {isa = PBXBuildFile; fileRef = AFB7BDD4268EF42400BB4377 /* AppDelegate.swift */; };
		AFB7BDD7268EF42400BB4377 /* SceneDelegate.swift in Sources */ = {isa = PBXBuildFile; fileRef = AFB7BDD6268EF42400BB4377 /* SceneDelegate.swift */; };
		AFB7BDD9268EF42400BB4377 /* CalculatorViewController.swift in Sources */ = {isa = PBXBuildFile; fileRef = AFB7BDD8268EF42400BB4377 /* CalculatorViewController.swift */; };
		AFB7BDDE268EF42700BB4377 /* Assets.xcassets in Resources */ = {isa = PBXBuildFile; fileRef = AFB7BDDD268EF42700BB4377 /* Assets.xcassets */; };
		AFB7BDE1268EF42700BB4377 /* LaunchScreen.storyboard in Resources */ = {isa = PBXBuildFile; fileRef = AFB7BDDF268EF42700BB4377 /* LaunchScreen.storyboard */; };
/* End PBXBuildFile section */

/* Begin PBXBuildRule section */
		AF2E7E9526943D0800591D40 /* PBXBuildRule */ = {
			isa = PBXBuildRule;
			compilerSpec = com.apple.compilers.proxy.script;
			fileType = sourcecode.metal;
			inputFiles = (
			);
			isEditable = 1;
			outputFiles = (
			);
			script = "# metal\n";
		};
/* End PBXBuildRule section */

/* Begin PBXFileReference section */
		AF17AB2E26933F860077C8B0 /* Main.storyboard */ = {isa = PBXFileReference; fileEncoding = 4; lastKnownFileType = file.storyboard; path = Main.storyboard; sourceTree = "<group>"; };
		AF2E7E902694369B00591D40 /* Tips.swift */ = {isa = PBXFileReference; lastKnownFileType = sourcecode.swift; path = Tips.swift; sourceTree = "<group>"; };
		AF2E7E9326943A3A00591D40 /* TipCalculator.swift */ = {isa = PBXFileReference; lastKnownFileType = sourcecode.swift; path = TipCalculator.swift; sourceTree = "<group>"; };
		AF9072EB269338AA00A52F19 /* ResultsViewController.swift */ = {isa = PBXFileReference; lastKnownFileType = sourcecode.swift; path = ResultsViewController.swift; sourceTree = "<group>"; };
		AFB7BDD1268EF42400BB4377 /* tipsGenerator.app */ = {isa = PBXFileReference; explicitFileType = wrapper.application; includeInIndex = 0; path = tipsGenerator.app; sourceTree = BUILT_PRODUCTS_DIR; };
		AFB7BDD4268EF42400BB4377 /* AppDelegate.swift */ = {isa = PBXFileReference; lastKnownFileType = sourcecode.swift; path = AppDelegate.swift; sourceTree = "<group>"; };
		AFB7BDD6268EF42400BB4377 /* SceneDelegate.swift */ = {isa = PBXFileReference; lastKnownFileType = sourcecode.swift; path = SceneDelegate.swift; sourceTree = "<group>"; };
		AFB7BDD8268EF42400BB4377 /* CalculatorViewController.swift */ = {isa = PBXFileReference; lastKnownFileType = sourcecode.swift; path = CalculatorViewController.swift; sourceTree = "<group>"; };
		AFB7BDDD268EF42700BB4377 /* Assets.xcassets */ = {isa = PBXFileReference; lastKnownFileType = folder.assetcatalog; path = Assets.xcassets; sourceTree = "<group>"; };
		AFB7BDE0268EF42700BB4377 /* Base */ = {isa = PBXFileReference; lastKnownFileType = file.storyboard; name = Base; path = Base.lproj/LaunchScreen.storyboard; sourceTree = "<group>"; };
		AFB7BDE2268EF42700BB4377 /* Info.plist */ = {isa = PBXFileReference; lastKnownFileType = text.plist.xml; path = Info.plist; sourceTree = "<group>"; };
/* End PBXFileReference section */

/* Begin PBXFrameworksBuildPhase section */
		AFB7BDCE268EF42400BB4377 /* Frameworks */ = {
			isa = PBXFrameworksBuildPhase;
			buildActionMask = 2147483647;
			files = (
			);
			runOnlyForDeploymentPostprocessing = 0;
		};
/* End PBXFrameworksBuildPhase section */

/* Begin PBXGroup section */
		AF2E7E92269436A000591D40 /* Model */ = {
			isa = PBXGroup;
			children = (
				AF2E7E902694369B00591D40 /* Tips.swift */,
				AF2E7E9326943A3A00591D40 /* TipCalculator.swift */,
			);
			path = Model;
			sourceTree = "<group>";
		};
		AF9072E92693386D00A52F19 /* View */ = {
			isa = PBXGroup;
			children = (
				AF17AB2E26933F860077C8B0 /* Main.storyboard */,
			);
			path = View;
			sourceTree = "<group>";
		};
		AF9072EA2693387900A52F19 /* Controller */ = {
			isa = PBXGroup;
			children = (
				AFB7BDD8268EF42400BB4377 /* CalculatorViewController.swift */,
				AF9072EB269338AA00A52F19 /* ResultsViewController.swift */,
			);
			path = Controller;
			sourceTree = "<group>";
		};
		AFB7BDC8268EF42400BB4377 = {
			isa = PBXGroup;
			children = (
				AFB7BDD3268EF42400BB4377 /* tipsGenerator */,
				AFB7BDD2268EF42400BB4377 /* Products */,
			);
			sourceTree = "<group>";
		};
		AFB7BDD2268EF42400BB4377 /* Products */ = {
			isa = PBXGroup;
			children = (
				AFB7BDD1268EF42400BB4377 /* tipsGenerator.app */,
			);
			name = Products;
			sourceTree = "<group>";
		};
		AFB7BDD3268EF42400BB4377 /* tipsGenerator */ = {
			isa = PBXGroup;
			children = (
				AFB7BDD4268EF42400BB4377 /* AppDelegate.swift */,
				AFB7BDD6268EF42400BB4377 /* SceneDelegate.swift */,
				AF2E7E92269436A000591D40 /* Model */,
				AF9072EA2693387900A52F19 /* Controller */,
				AF9072E92693386D00A52F19 /* View */,
				AFB7BDDD268EF42700BB4377 /* Assets.xcassets */,
				AFB7BDDF268EF42700BB4377 /* LaunchScreen.storyboard */,
				AFB7BDE2268EF42700BB4377 /* Info.plist */,
			);
			path = tipsGenerator;
			sourceTree = "<group>";
		};
/* End PBXGroup section */

/* Begin PBXNativeTarget section */
		AFB7BDD0268EF42400BB4377 /* tipsGenerator */ = {
			isa = PBXNativeTarget;
			buildConfigurationList = AFB7BDE5268EF42700BB4377 /* Build configuration list for PBXNativeTarget "tipsGenerator" */;
			buildPhases = (
				AFB7BDCD268EF42400BB4377 /* Sources */,
				AFB7BDCE268EF42400BB4377 /* Frameworks */,
				AFB7BDCF268EF42400BB4377 /* Resources */,
			);
			buildRules = (
				AF2E7E9526943D0800591D40 /* PBXBuildRule */,
			);
			dependencies = (
			);
			name = tipsGenerator;
			productName = tipsGenerator;
			productReference = AFB7BDD1268EF42400BB4377 /* tipsGenerator.app */;
			productType = "com.apple.product-type.application";
		};
/* End PBXNativeTarget section */

/* Begin PBXProject section */
		AFB7BDC9268EF42400BB4377 /* Project object */ = {
			isa = PBXProject;
			attributes = {
				LastSwiftUpdateCheck = 1250;
				LastUpgradeCheck = 1250;
				TargetAttributes = {
					AFB7BDD0268EF42400BB4377 = {
						CreatedOnToolsVersion = 12.5.1;
					};
				};
			};
			buildConfigurationList = AFB7BDCC268EF42400BB4377 /* Build configuration list for PBXProject "tipsGenerator" */;
			compatibilityVersion = "Xcode 9.3";
			developmentRegion = en;
			hasScannedForEncodings = 0;
			knownRegions = (
				en,
				Base,
			);
			mainGroup = AFB7BDC8268EF42400BB4377;
			productRefGroup = AFB7BDD2268EF42400BB4377 /* Products */;
			projectDirPath = "";
			projectRoot = "";
			targets = (
				AFB7BDD0268EF42400BB4377 /* tipsGenerator */,
			);
		};
/* End PBXProject section */

/* Begin PBXResourcesBuildPhase section */
		AFB7BDCF268EF42400BB4377 /* Resources */ = {
			isa = PBXResourcesBuildPhase;
			buildActionMask = 2147483647;
			files = (
				AF17AB2F26933F860077C8B0 /* Main.storyboard in Resources */,
				AFB7BDE1268EF42700BB4377 /* LaunchScreen.storyboard in Resources */,
				AFB7BDDE268EF42700BB4377 /* Assets.xcassets in Resources */,
			);
			runOnlyForDeploymentPostprocessing = 0;
		};
/* End PBXResourcesBuildPhase section */

/* Begin PBXSourcesBuildPhase section */
		AFB7BDCD268EF42400BB4377 /* Sources */ = {
			isa = PBXSourcesBuildPhase;
			buildActionMask = 2147483647;
			files = (
				AFB7BDD9268EF42400BB4377 /* CalculatorViewController.swift in Sources */,
				AF2E7E912694369B00591D40 /* Tips.swift in Sources */,
				AFB7BDD5268EF42400BB4377 /* AppDelegate.swift in Sources */,
				AF2E7E9426943A3A00591D40 /* TipCalculator.swift in Sources */,
				AFB7BDD7268EF42400BB4377 /* SceneDelegate.swift in Sources */,
				AF9072EC269338AA00A52F19 /* ResultsViewController.swift in Sources */,
			);
			runOnlyForDeploymentPostprocessing = 0;
		};
/* End PBXSourcesBuildPhase section */

/* Begin PBXVariantGroup section */
		AFB7BDDF268EF42700BB4377 /* LaunchScreen.storyboard */ = {
			isa = PBXVariantGroup;
			children = (
				AFB7BDE0268EF42700BB4377 /* Base */,
			);
			name = LaunchScreen.storyboard;
			sourceTree = "<group>";
		};
/* End PBXVariantGroup section */

/* Begin XCBuildConfiguration section */
		AFB7BDE3268EF42700BB4377 /* Debug */ = {
			isa = XCBuildConfiguration;
			buildSettings = {
				ALWAYS_SEARCH_USER_PATHS = NO;
				CLANG_ANALYZER_NONNULL = YES;
				CLANG_ANALYZER_NUMBER_OBJECT_CONVERSION = YES_AGGRESSIVE;
				CLANG_CXX_LANGUAGE_STANDARD = "gnu++14";
				CLANG_CXX_LIBRARY = "libc++";
				CLANG_ENABLE_MODULES = YES;
				CLANG_ENABLE_OBJC_ARC = YES;
				CLANG_ENABLE_OBJC_WEAK = YES;
				CLANG_WARN_BLOCK_CAPTURE_AUTORELEASING = YES;
				CLANG_WARN_BOOL_CONVERSION = YES;
				CLANG_WARN_COMMA = YES;
				CLANG_WARN_CONSTANT_CONVERSION = YES;
				CLANG_WARN_DEPRECATED_OBJC_IMPLEMENTATIONS = YES;
				CLANG_WARN_DIRECT_OBJC_ISA_USAGE = YES_ERROR;
				CLANG_WARN_DOCUMENTATION_COMMENTS = YES;
				CLANG_WARN_EMPTY_BODY = YES;
				CLANG_WARN_ENUM_CONVERSION = YES;
				CLANG_WARN_INFINITE_RECURSION = YES;
				CLANG_WARN_INT_CONVERSION = YES;
				CLANG_WARN_NON_LITERAL_NULL_CONVERSION = YES;
				CLANG_WARN_OBJC_IMPLICIT_RETAIN_SELF = YES;
				CLANG_WARN_OBJC_LITERAL_CONVERSION = YES;
				CLANG_WARN_OBJC_ROOT_CLASS = YES_ERROR;
				CLANG_WARN_QUOTED_INCLUDE_IN_FRAMEWORK_HEADER = YES;
				CLANG_WARN_RANGE_LOOP_ANALYSIS = YES;
				CLANG_WARN_STRICT_PROTOTYPES = YES;
				CLANG_WARN_SUSPICIOUS_MOVE = YES;
				CLANG_WARN_UNGUARDED_AVAILABILITY = YES_AGGRESSIVE;
				CLANG_WARN_UNREACHABLE_CODE = YES;
				CLANG_WARN__DUPLICATE_METHOD_MATCH = YES;
				COPY_PHASE_STRIP = NO;
				DEBUG_INFORMATION_FORMAT = dwarf;
				ENABLE_STRICT_OBJC_MSGSEND = YES;
				ENABLE_TESTABILITY = YES;
				GCC_C_LANGUAGE_STANDARD = gnu11;
				GCC_DYNAMIC_NO_PIC = NO;
				GCC_NO_COMMON_BLOCKS = YES;
				GCC_OPTIMIZATION_LEVEL = 0;
				GCC_PREPROCESSOR_DEFINITIONS = (
					"DEBUG=1",
					"$(inherited)",
				);
				GCC_WARN_64_TO_32_BIT_CONVERSION = YES;
				GCC_WARN_ABOUT_RETURN_TYPE = YES_ERROR;
				GCC_WARN_UNDECLARED_SELECTOR = YES;
				GCC_WARN_UNINITIALIZED_AUTOS = YES_AGGRESSIVE;
				GCC_WARN_UNUSED_FUNCTION = YES;
				GCC_WARN_UNUSED_VARIABLE = YES;
				IPHONEOS_DEPLOYMENT_TARGET = 14.5;
				MTL_ENABLE_DEBUG_INFO = INCLUDE_SOURCE;
				MTL_FAST_MATH = YES;
				ONLY_ACTIVE_ARCH = YES;
				SDKROOT = iphoneos;
				SWIFT_ACTIVE_COMPILATION_CONDITIONS = DEBUG;
				SWIFT_OPTIMIZATION_LEVEL = "-Onone";
			};
			name = Debug;
		};
		AFB7BDE4268EF42700BB4377 /* Release */ = {
			isa = XCBuildConfiguration;
			buildSettings = {
				ALWAYS_SEARCH_USER_PATHS = NO;
				CLANG_ANALYZER_NONNULL = YES;
				CLANG_ANALYZER_NUMBER_OBJECT_CONVERSION = YES_AGGRESSIVE;
				CLANG_CXX_LANGUAGE_STANDARD = "gnu++14";
				CLANG_CXX_LIBRARY = "libc++";
				CLANG_ENABLE_MODULES = YES;
				CLANG_ENABLE_OBJC_ARC = YES;
				CLANG_ENABLE_OBJC_WEAK = YES;
				CLANG_WARN_BLOCK_CAPTURE_AUTORELEASING = YES;
				CLANG_WARN_BOOL_CONVERSION = YES;
				CLANG_WARN_COMMA = YES;
				CLANG_WARN_CONSTANT_CONVERSION = YES;
				CLANG_WARN_DEPRECATED_OBJC_IMPLEMENTATIONS = YES;
				CLANG_WARN_DIRECT_OBJC_ISA_USAGE = YES_ERROR;
				CLANG_WARN_DOCUMENTATION_COMMENTS = YES;
				CLANG_WARN_EMPTY_BODY = YES;
				CLANG_WARN_ENUM_CONVERSION = YES;
				CLANG_WARN_INFINITE_RECURSION = YES;
				CLANG_WARN_INT_CONVERSION = YES;
				CLANG_WARN_NON_LITERAL_NULL_CONVERSION = YES;
				CLANG_WARN_OBJC_IMPLICIT_RETAIN_SELF = YES;
				CLANG_WARN_OBJC_LITERAL_CONVERSION = YES;
				CLANG_WARN_OBJC_ROOT_CLASS = YES_ERROR;
				CLANG_WARN_QUOTED_INCLUDE_IN_FRAMEWORK_HEADER = YES;
				CLANG_WARN_RANGE_LOOP_ANALYSIS = YES;
				CLANG_WARN_STRICT_PROTOTYPES = YES;
				CLANG_WARN_SUSPICIOUS_MOVE = YES;
				CLANG_WARN_UNGUARDED_AVAILABILITY = YES_AGGRESSIVE;
				CLANG_WARN_UNREACHABLE_CODE = YES;
				CLANG_WARN__DUPLICATE_METHOD_MATCH = YES;
				COPY_PHASE_STRIP = NO;
				DEBUG_INFORMATION_FORMAT = "dwarf-with-dsym";
				ENABLE_NS_ASSERTIONS = NO;
				ENABLE_STRICT_OBJC_MSGSEND = YES;
				GCC_C_LANGUAGE_STANDARD = gnu11;
				GCC_NO_COMMON_BLOCKS = YES;
				GCC_WARN_64_TO_32_BIT_CONVERSION = YES;
				GCC_WARN_ABOUT_RETURN_TYPE = YES_ERROR;
				GCC_WARN_UNDECLARED_SELECTOR = YES;
				GCC_WARN_UNINITIALIZED_AUTOS = YES_AGGRESSIVE;
				GCC_WARN_UNUSED_FUNCTION = YES;
				GCC_WARN_UNUSED_VARIABLE = YES;
				IPHONEOS_DEPLOYMENT_TARGET = 14.5;
				MTL_ENABLE_DEBUG_INFO = NO;
				MTL_FAST_MATH = YES;
				SDKROOT = iphoneos;
				SWIFT_COMPILATION_MODE = wholemodule;
				SWIFT_OPTIMIZATION_LEVEL = "-O";
				VALIDATE_PRODUCT = YES;
			};
			name = Release;
		};
		AFB7BDE6268EF42700BB4377 /* Debug */ = {
			isa = XCBuildConfiguration;
			buildSettings = {
				ASSETCATALOG_COMPILER_APPICON_NAME = AppIcon;
				ASSETCATALOG_COMPILER_GLOBAL_ACCENT_COLOR_NAME = AccentColor;
				CODE_SIGN_STYLE = Automatic;
				DEVELOPMENT_TEAM = WBND8H9MX8;
				INFOPLIST_FILE = tipsGenerator/Info.plist;
				LD_RUNPATH_SEARCH_PATHS = (
					"$(inherited)",
					"@executable_path/Frameworks",
				);
				PRODUCT_BUNDLE_IDENTIFIER = com.ansa.tipsGenerator;
				PRODUCT_NAME = "$(TARGET_NAME)";
				SWIFT_VERSION = 5.0;
				TARGETED_DEVICE_FAMILY = "1,2";
			};
			name = Debug;
		};
		AFB7BDE7268EF42700BB4377 /* Release */ = {
			isa = XCBuildConfiguration;
			buildSettings = {
				ASSETCATALOG_COMPILER_APPICON_NAME = AppIcon;
				ASSETCATALOG_COMPILER_GLOBAL_ACCENT_COLOR_NAME = AccentColor;
				CODE_SIGN_STYLE = Automatic;
				DEVELOPMENT_TEAM = WBND8H9MX8;
				INFOPLIST_FILE = tipsGenerator/Info.plist;
				LD_RUNPATH_SEARCH_PATHS = (
					"$(inherited)",
					"@executable_path/Frameworks",
				);
				PRODUCT_BUNDLE_IDENTIFIER = com.ansa.tipsGenerator;
				PRODUCT_NAME = "$(TARGET_NAME)";
				SWIFT_VERSION = 5.0;
				TARGETED_DEVICE_FAMILY = "1,2";
			};
			name = Release;
		};
/* End XCBuildConfiguration section */

/* Begin XCConfigurationList section */
		AFB7BDCC268EF42400BB4377 /* Build configuration list for PBXProject "tipsGenerator" */ = {
			isa = XCConfigurationList;
			buildConfigurations = (
				AFB7BDE3268EF42700BB4377 /* Debug */,
				AFB7BDE4268EF42700BB4377 /* Release */,
			);
			defaultConfigurationIsVisible = 0;
			defaultConfigurationName = Release;
		};
		AFB7BDE5268EF42700BB4377 /* Build configuration list for PBXNativeTarget "tipsGenerator" */ = {
			isa = XCConfigurationList;
			buildConfigurations = (
				AFB7BDE6268EF42700BB4377 /* Debug */,
				AFB7BDE7268EF42700BB4377 /* Release */,
			);
			defaultConfigurationIsVisible = 0;
			defaultConfigurationName = Release;
		};
/* End XCConfigurationList section */
	};
	rootObject = AFB7BDC9268EF42400BB4377 /* Project object */;
}
